
Microsoft Visual Studio Solution File, Format Version 12.00
# Visual Studio Version 17
VisualStudioVersion = 17.2.32630.192
MinimumVisualStudioVersion = 10.0.40219.1
Project("{FAE04EC0-301F-11D3-BF4B-00C04F79EFBC}") = "admin.haircut", "admin.haircut\admin.haircut.csproj", "{80577D53-E12F-4636-9FFE-4E54A44D530C}"
EndProject
Global
	GlobalSection(SolutionConfigurationPlatforms) = preSolution
		Debug|Any CPU = Debug|Any CPU
		Release|Any CPU = Release|Any CPU
	EndGlobalSection
	GlobalSection(ProjectConfigurationPlatforms) = postSolution
		{80577D53-E12F-4636-9FFE-4E54A44D530C}.Debug|Any CPU.ActiveCfg = Debug|Any CPU
		{80577D53-E12F-4636-9FFE-4E54A44D530C}.Debug|Any CPU.Build.0 = Debug|Any CPU
		{80577D53-E12F-4636-9FFE-4E54A44D530C}.Release|Any CPU.ActiveCfg = Release|Any CPU
		{80577D53-E12F-4636-9FFE-4E54A44D530C}.Release|Any CPU.Build.0 = Release|Any CPU
	EndGlobalSection
	GlobalSection(SolutionProperties) = preSolution
		HideSolutionNode = FALSE
	EndGlobalSection
	GlobalSection(ExtensibilityGlobals) = postSolution
		SolutionGuid = {6BFC5F80-E447-4CD1-8C9E-6D9DA86B8926}
	EndGlobalSection
EndGlobal
